
Microsoft Visual Studio Solution File, Format Version 12.00
# Visual Studio Version 16
VisualStudioVersion = 16.0.29311.281
MinimumVisualStudioVersion = 10.0.40219.1
Project("{2150E333-8FDC-42A3-9474-1A3956D46DE8}") = "Solution Items", "Solution Items", "{84F2AA05-AEE6-40C4-BC98-01C0226FBF07}"
	ProjectSection(SolutionItems) = preProject
		version.json = version.json
	EndProjectSection
EndProject
Project("{9A19103F-16F7-4668-BE54-9A1E7A4F7556}") = "GHVS", "GHVS\GHVS.csproj", "{DD230568-EE20-4B6C-B113-95ACBBBD4A12}"
EndProject
Project("{9A19103F-16F7-4668-BE54-9A1E7A4F7556}") = "GHVS.Tests", "test\GHVS.Tests\GHVS.Tests.csproj", "{3A87B1FC-5F1B-40AD-9F07-3B3B061B006E}"
EndProject
Project("{FAE04EC0-301F-11D3-BF4B-00C04F79EFBC}") = "GHVS.Gui", "GHVS.Gui\GHVS.Gui.csproj", "{3F26C815-4B66-4B55-9764-5BB8DC0B4F42}"
EndProject
Global
	GlobalSection(SolutionConfigurationPlatforms) = preSolution
		Debug|Any CPU = Debug|Any CPU
		Release|Any CPU = Release|Any CPU
	EndGlobalSection
	GlobalSection(ProjectConfigurationPlatforms) = postSolution
		{DD230568-EE20-4B6C-B113-95ACBBBD4A12}.Debug|Any CPU.ActiveCfg = Debug|Any CPU
		{DD230568-EE20-4B6C-B113-95ACBBBD4A12}.Debug|Any CPU.Build.0 = Debug|Any CPU
		{DD230568-EE20-4B6C-B113-95ACBBBD4A12}.Release|Any CPU.ActiveCfg = Release|Any CPU
		{DD230568-EE20-4B6C-B113-95ACBBBD4A12}.Release|Any CPU.Build.0 = Release|Any CPU
		{3A87B1FC-5F1B-40AD-9F07-3B3B061B006E}.Debug|Any CPU.ActiveCfg = Debug|Any CPU
		{3A87B1FC-5F1B-40AD-9F07-3B3B061B006E}.Debug|Any CPU.Build.0 = Debug|Any CPU
		{3A87B1FC-5F1B-40AD-9F07-3B3B061B006E}.Release|Any CPU.ActiveCfg = Release|Any CPU
		{3A87B1FC-5F1B-40AD-9F07-3B3B061B006E}.Release|Any CPU.Build.0 = Release|Any CPU
		{3F26C815-4B66-4B55-9764-5BB8DC0B4F42}.Debug|Any CPU.ActiveCfg = Debug|Any CPU
		{3F26C815-4B66-4B55-9764-5BB8DC0B4F42}.Debug|Any CPU.Build.0 = Debug|Any CPU
		{3F26C815-4B66-4B55-9764-5BB8DC0B4F42}.Release|Any CPU.ActiveCfg = Release|Any CPU
		{3F26C815-4B66-4B55-9764-5BB8DC0B4F42}.Release|Any CPU.Build.0 = Release|Any CPU
	EndGlobalSection
	GlobalSection(SolutionProperties) = preSolution
		HideSolutionNode = FALSE
	EndGlobalSection
	GlobalSection(ExtensibilityGlobals) = postSolution
		SolutionGuid = {F1D9F1F8-6873-4945-AEA4-7C9086D2904A}
	EndGlobalSection
EndGlobal
